
Microsoft Visual Studio Solution File, Format Version 12.00
# Visual Studio Version 16
VisualStudioVersion = 16.0.30503.244
MinimumVisualStudioVersion = 10.0.40219.1
Project("{FAE04EC0-301F-11D3-BF4B-00C04F79EFBC}") = "Berichtsheft", "Berichtsheft\Berichtsheft.csproj", "{6DFD8B0F-5B66-4C46-861C-FF08211FC5C2}"
EndProject
Global
	GlobalSection(SolutionConfigurationPlatforms) = preSolution
		Debug|Any CPU = Debug|Any CPU
		Release|Any CPU = Release|Any CPU
	EndGlobalSection
	GlobalSection(ProjectConfigurationPlatforms) = postSolution
		{6DFD8B0F-5B66-4C46-861C-FF08211FC5C2}.Debug|Any CPU.ActiveCfg = Debug|Any CPU
		{6DFD8B0F-5B66-4C46-861C-FF08211FC5C2}.Debug|Any CPU.Build.0 = Debug|Any CPU
		{6DFD8B0F-5B66-4C46-861C-FF08211FC5C2}.Release|Any CPU.ActiveCfg = Release|Any CPU
		{6DFD8B0F-5B66-4C46-861C-FF08211FC5C2}.Release|Any CPU.Build.0 = Release|Any CPU
	EndGlobalSection
	GlobalSection(SolutionProperties) = preSolution
		HideSolutionNode = FALSE
	EndGlobalSection
	GlobalSection(ExtensibilityGlobals) = postSolution
		SolutionGuid = {3DB76B70-AE53-4173-9534-3C6376B6E8AB}
	EndGlobalSection
EndGlobal
